
Microsoft Visual Studio Solution File, Format Version 12.00
# Visual Studio Version 17
VisualStudioVersion = 17.14.36221.1 d17.14
MinimumVisualStudioVersion = 10.0.40219.1
Project("{FAE04EC0-301F-11D3-BF4B-00C04F79EFBC}") = "TestSpreadsheetAPI", "TestSpreadsheetAPI\TestSpreadsheetAPI.csproj", "{F85D9EC6-8C64-4330-9291-CE99A4B1FE6B}"
EndProject
Global
	GlobalSection(SolutionConfigurationPlatforms) = preSolution
		Debug|Any CPU = Debug|Any CPU
		Release|Any CPU = Release|Any CPU
	EndGlobalSection
	GlobalSection(ProjectConfigurationPlatforms) = postSolution
		{F85D9EC6-8C64-4330-9291-CE99A4B1FE6B}.Debug|Any CPU.ActiveCfg = Debug|Any CPU
		{F85D9EC6-8C64-4330-9291-CE99A4B1FE6B}.Debug|Any CPU.Build.0 = Debug|Any CPU
		{F85D9EC6-8C64-4330-9291-CE99A4B1FE6B}.Release|Any CPU.ActiveCfg = Release|Any CPU
		{F85D9EC6-8C64-4330-9291-CE99A4B1FE6B}.Release|Any CPU.Build.0 = Release|Any CPU
	EndGlobalSection
	GlobalSection(SolutionProperties) = preSolution
		HideSolutionNode = FALSE
	EndGlobalSection
	GlobalSection(ExtensibilityGlobals) = postSolution
		SolutionGuid = {329B015E-3999-4454-950F-9CEB2A5FEB7D}
	EndGlobalSection
EndGlobal
